// !$*UTF8*$!
{
	archiveVersion = 1;
	classes = {
	};
	objectVersion = 77;
	objects = {

/* Begin PBXBuildFile section */
		FB1468862EB7968B00458088 /* MarkdownUI in Frameworks */ = {isa = PBXBuildFile; productRef = FB1468852EB7968B00458088 /* MarkdownUI */; };
		FB1468882EB7968E00458088 /* AsyncAlgorithms in Frameworks */ = {isa = PBXBuildFile; productRef = FB1468872EB7968E00458088 /* AsyncAlgorithms */; };
		FB14688A2EB7969100458088 /* SocketIO in Frameworks */ = {isa = PBXBuildFile; productRef = FB1468892EB7969100458088 /* SocketIO */; };
		FB14688C2EB7A00000458088 /* GoogleSignIn in Frameworks */ = {isa = PBXBuildFile; productRef = FB14688B2EB7A00000458088 /* GoogleSignIn */; };
		FB14688E2EB7A00000458088 /* GoogleSignInSwift in Frameworks */ = {isa = PBXBuildFile; productRef = FB14688D2EB7A00000458088 /* GoogleSignInSwift */; };
/* End PBXBuildFile section */

/* Begin PBXContainerItemProxy section */
		FB1142FC2EB63AB900AD4A1E /* PBXContainerItemProxy */ = {
			isa = PBXContainerItemProxy;
			containerPortal = FB1142E62EB63AB600AD4A1E /* Project object */;
			proxyType = 1;
			remoteGlobalIDString = FB1142ED2EB63AB600AD4A1E;
			remoteInfo = PageSpace;
		};
		FB1143062EB63AB900AD4A1E /* PBXContainerItemProxy */ = {
			isa = PBXContainerItemProxy;
			containerPortal = FB1142E62EB63AB600AD4A1E /* Project object */;
			proxyType = 1;
			remoteGlobalIDString = FB1142ED2EB63AB600AD4A1E;
			remoteInfo = PageSpace;
		};
/* End PBXContainerItemProxy section */

/* Begin PBXFileReference section */
		FB1142EE2EB63AB600AD4A1E /* PageSpace.app */ = {isa = PBXFileReference; explicitFileType = wrapper.application; includeInIndex = 0; path = PageSpace.app; sourceTree = BUILT_PRODUCTS_DIR; };
		FB1142FB2EB63AB900AD4A1E /* PageSpaceTests.xctest */ = {isa = PBXFileReference; explicitFileType = wrapper.cfbundle; includeInIndex = 0; path = PageSpaceTests.xctest; sourceTree = BUILT_PRODUCTS_DIR; };
		FB1143052EB63AB900AD4A1E /* PageSpaceUITests.xctest */ = {isa = PBXFileReference; explicitFileType = wrapper.cfbundle; includeInIndex = 0; path = PageSpaceUITests.xctest; sourceTree = BUILT_PRODUCTS_DIR; };
/* End PBXFileReference section */

/* Begin PBXFileSystemSynchronizedBuildFileExceptionSet section */
		FB14686A2EB6435300458088 /* Exceptions for "PageSpace" folder in "PageSpace" target */ = {
			isa = PBXFileSystemSynchronizedBuildFileExceptionSet;
			membershipExceptions = (
				Info.plist,
			);
			target = FB1142ED2EB63AB600AD4A1E /* PageSpace */;
		};
/* End PBXFileSystemSynchronizedBuildFileExceptionSet section */

/* Begin PBXFileSystemSynchronizedRootGroup section */
		FB1142F02EB63AB600AD4A1E /* PageSpace */ = {
			isa = PBXFileSystemSynchronizedRootGroup;
			exceptions = (
				FB14686A2EB6435300458088 /* Exceptions for "PageSpace" folder in "PageSpace" target */,
			);
			path = PageSpace;
			sourceTree = "<group>";
		};
		FB1142FE2EB63AB900AD4A1E /* PageSpaceTests */ = {
			isa = PBXFileSystemSynchronizedRootGroup;
			path = PageSpaceTests;
			sourceTree = "<group>";
		};
		FB1143082EB63AB900AD4A1E /* PageSpaceUITests */ = {
			isa = PBXFileSystemSynchronizedRootGroup;
			path = PageSpaceUITests;
			sourceTree = "<group>";
		};
/* End PBXFileSystemSynchronizedRootGroup section */

/* Begin PBXFrameworksBuildPhase section */
		FB1142EB2EB63AB600AD4A1E /* Frameworks */ = {
			isa = PBXFrameworksBuildPhase;
			buildActionMask = 2147483647;
			files = (
				FB1468862EB7968B00458088 /* MarkdownUI in Frameworks */,
				FB1468882EB7968E00458088 /* AsyncAlgorithms in Frameworks */,
				FB14688A2EB7969100458088 /* SocketIO in Frameworks */,
				FB14688C2EB7A00000458088 /* GoogleSignIn in Frameworks */,
				FB14688E2EB7A00000458088 /* GoogleSignInSwift in Frameworks */,
			);
			runOnlyForDeploymentPostprocessing = 0;
		};
		FB1142F82EB63AB900AD4A1E /* Frameworks */ = {
			isa = PBXFrameworksBuildPhase;
			buildActionMask = 2147483647;
			files = (
			);
			runOnlyForDeploymentPostprocessing = 0;
		};
		FB1143022EB63AB900AD4A1E /* Frameworks */ = {
			isa = PBXFrameworksBuildPhase;
			buildActionMask = 2147483647;
			files = (
			);
			runOnlyForDeploymentPostprocessing = 0;
		};
/* End PBXFrameworksBuildPhase section */

/* Begin PBXGroup section */
		FB1142E52EB63AB600AD4A1E = {
			isa = PBXGroup;
			children = (
				FB1142F02EB63AB600AD4A1E /* PageSpace */,
				FB1142FE2EB63AB900AD4A1E /* PageSpaceTests */,
				FB1143082EB63AB900AD4A1E /* PageSpaceUITests */,
				FB1468842EB7968400458088 /* Frameworks */,
				FB1142EF2EB63AB600AD4A1E /* Products */,
			);
			sourceTree = "<group>";
		};
		FB1142EF2EB63AB600AD4A1E /* Products */ = {
			isa = PBXGroup;
			children = (
				FB1142EE2EB63AB600AD4A1E /* PageSpace.app */,
				FB1142FB2EB63AB900AD4A1E /* PageSpaceTests.xctest */,
				FB1143052EB63AB900AD4A1E /* PageSpaceUITests.xctest */,
			);
			name = Products;
			sourceTree = "<group>";
		};
		FB1468842EB7968400458088 /* Frameworks */ = {
			isa = PBXGroup;
			children = (
			);
			name = Frameworks;
			sourceTree = "<group>";
		};
/* End PBXGroup section */

/* Begin PBXNativeTarget section */
		FB1142ED2EB63AB600AD4A1E /* PageSpace */ = {
			isa = PBXNativeTarget;
			buildConfigurationList = FB11430F2EB63AB900AD4A1E /* Build configuration list for PBXNativeTarget "PageSpace" */;
			buildPhases = (
				FB1142EA2EB63AB600AD4A1E /* Sources */,
				FB1142EB2EB63AB600AD4A1E /* Frameworks */,
				FB1142EC2EB63AB600AD4A1E /* Resources */,
			);
			buildRules = (
			);
			dependencies = (
			);
			fileSystemSynchronizedGroups = (
				FB1142F02EB63AB600AD4A1E /* PageSpace */,
			);
			name = PageSpace;
			packageProductDependencies = (
				FB1468852EB7968B00458088 /* MarkdownUI */,
				FB1468872EB7968E00458088 /* AsyncAlgorithms */,
				FB1468892EB7969100458088 /* SocketIO */,
			);
			productName = PageSpace;
			productReference = FB1142EE2EB63AB600AD4A1E /* PageSpace.app */;
			productType = "com.apple.product-type.application";
		};
		FB1142FA2EB63AB900AD4A1E /* PageSpaceTests */ = {
			isa = PBXNativeTarget;
			buildConfigurationList = FB1143122EB63AB900AD4A1E /* Build configuration list for PBXNativeTarget "PageSpaceTests" */;
			buildPhases = (
				FB1142F72EB63AB900AD4A1E /* Sources */,
				FB1142F82EB63AB900AD4A1E /* Frameworks */,
				FB1142F92EB63AB900AD4A1E /* Resources */,
			);
			buildRules = (
			);
			dependencies = (
				FB1142FD2EB63AB900AD4A1E /* PBXTargetDependency */,
			);
			fileSystemSynchronizedGroups = (
				FB1142FE2EB63AB900AD4A1E /* PageSpaceTests */,
			);
			name = PageSpaceTests;
			packageProductDependencies = (
			);
			productName = PageSpaceTests;
			productReference = FB1142FB2EB63AB900AD4A1E /* PageSpaceTests.xctest */;
			productType = "com.apple.product-type.bundle.unit-test";
		};
		FB1143042EB63AB900AD4A1E /* PageSpaceUITests */ = {
			isa = PBXNativeTarget;
			buildConfigurationList = FB1143152EB63AB900AD4A1E /* Build configuration list for PBXNativeTarget "PageSpaceUITests" */;
			buildPhases = (
				FB1143012EB63AB900AD4A1E /* Sources */,
				FB1143022EB63AB900AD4A1E /* Frameworks */,
				FB1143032EB63AB900AD4A1E /* Resources */,
			);
			buildRules = (
			);
			dependencies = (
				FB1143072EB63AB900AD4A1E /* PBXTargetDependency */,
			);
			fileSystemSynchronizedGroups = (
				FB1143082EB63AB900AD4A1E /* PageSpaceUITests */,
			);
			name = PageSpaceUITests;
			packageProductDependencies = (
			);
			productName = PageSpaceUITests;
			productReference = FB1143052EB63AB900AD4A1E /* PageSpaceUITests.xctest */;
			productType = "com.apple.product-type.bundle.ui-testing";
		};
/* End PBXNativeTarget section */

/* Begin PBXProject section */
		FB1142E62EB63AB600AD4A1E /* Project object */ = {
			isa = PBXProject;
			attributes = {
				BuildIndependentTargetsInParallel = 1;
				LastSwiftUpdateCheck = 1640;
				LastUpgradeCheck = 1640;
				TargetAttributes = {
					FB1142ED2EB63AB600AD4A1E = {
						CreatedOnToolsVersion = 16.4;
					};
					FB1142FA2EB63AB900AD4A1E = {
						CreatedOnToolsVersion = 16.4;
						TestTargetID = FB1142ED2EB63AB600AD4A1E;
					};
					FB1143042EB63AB900AD4A1E = {
						CreatedOnToolsVersion = 16.4;
						TestTargetID = FB1142ED2EB63AB600AD4A1E;
					};
				};
			};
			buildConfigurationList = FB1142E92EB63AB600AD4A1E /* Build configuration list for PBXProject "PageSpace" */;
			developmentRegion = en;
			hasScannedForEncodings = 0;
			knownRegions = (
				en,
				Base,
			);
			mainGroup = FB1142E52EB63AB600AD4A1E;
			minimizedProjectReferenceProxies = 1;
			packageReferences = (
				FB1468202EB640F300458088 /* XCRemoteSwiftPackageReference "socket" */,
				FB1468212EB6410A00458088 /* XCRemoteSwiftPackageReference "swift-markdown-ui" */,
				FB1468222EB6413D00458088 /* XCRemoteSwiftPackageReference "swift-async-algorithms" */,
				FB1468232EB7A00000458088 /* XCRemoteSwiftPackageReference "GoogleSignIn-iOS" */,
			);
			preferredProjectObjectVersion = 77;
			productRefGroup = FB1142EF2EB63AB600AD4A1E /* Products */;
			projectDirPath = "";
			projectRoot = "";
			targets = (
				FB1142ED2EB63AB600AD4A1E /* PageSpace */,
				FB1142FA2EB63AB900AD4A1E /* PageSpaceTests */,
				FB1143042EB63AB900AD4A1E /* PageSpaceUITests */,
			);
		};
/* End PBXProject section */

/* Begin PBXResourcesBuildPhase section */
		FB1142EC2EB63AB600AD4A1E /* Resources */ = {
			isa = PBXResourcesBuildPhase;
			buildActionMask = 2147483647;
			files = (
			);
			runOnlyForDeploymentPostprocessing = 0;
		};
		FB1142F92EB63AB900AD4A1E /* Resources */ = {
			isa = PBXResourcesBuildPhase;
			buildActionMask = 2147483647;
			files = (
			);
			runOnlyForDeploymentPostprocessing = 0;
		};
		FB1143032EB63AB900AD4A1E /* Resources */ = {
			isa = PBXResourcesBuildPhase;
			buildActionMask = 2147483647;
			files = (
			);
			runOnlyForDeploymentPostprocessing = 0;
		};
/* End PBXResourcesBuildPhase section */

/* Begin PBXSourcesBuildPhase section */
		FB1142EA2EB63AB600AD4A1E /* Sources */ = {
			isa = PBXSourcesBuildPhase;
			buildActionMask = 2147483647;
			files = (
			);
			runOnlyForDeploymentPostprocessing = 0;
		};
		FB1142F72EB63AB900AD4A1E /* Sources */ = {
			isa = PBXSourcesBuildPhase;
			buildActionMask = 2147483647;
			files = (
			);
			runOnlyForDeploymentPostprocessing = 0;
		};
		FB1143012EB63AB900AD4A1E /* Sources */ = {
			isa = PBXSourcesBuildPhase;
			buildActionMask = 2147483647;
			files = (
			);
			runOnlyForDeploymentPostprocessing = 0;
		};
/* End PBXSourcesBuildPhase section */

/* Begin PBXTargetDependency section */
		FB1142FD2EB63AB900AD4A1E /* PBXTargetDependency */ = {
			isa = PBXTargetDependency;
			target = FB1142ED2EB63AB600AD4A1E /* PageSpace */;
			targetProxy = FB1142FC2EB63AB900AD4A1E /* PBXContainerItemProxy */;
		};
		FB1143072EB63AB900AD4A1E /* PBXTargetDependency */ = {
			isa = PBXTargetDependency;
			target = FB1142ED2EB63AB600AD4A1E /* PageSpace */;
			targetProxy = FB1143062EB63AB900AD4A1E /* PBXContainerItemProxy */;
		};
/* End PBXTargetDependency section */

/* Begin XCBuildConfiguration section */
		FB11430D2EB63AB900AD4A1E /* Debug */ = {
			isa = XCBuildConfiguration;
			buildSettings = {
				ALWAYS_SEARCH_USER_PATHS = NO;
				ASSETCATALOG_COMPILER_GENERATE_SWIFT_ASSET_SYMBOL_EXTENSIONS = YES;
				CLANG_ANALYZER_NONNULL = YES;
				CLANG_ANALYZER_NUMBER_OBJECT_CONVERSION = YES_AGGRESSIVE;
				CLANG_CXX_LANGUAGE_STANDARD = "gnu++20";
				CLANG_ENABLE_MODULES = YES;
				CLANG_ENABLE_OBJC_ARC = YES;
				CLANG_ENABLE_OBJC_WEAK = YES;
				CLANG_WARN_BLOCK_CAPTURE_AUTORELEASING = YES;
				CLANG_WARN_BOOL_CONVERSION = YES;
				CLANG_WARN_COMMA = YES;
				CLANG_WARN_CONSTANT_CONVERSION = YES;
				CLANG_WARN_DEPRECATED_OBJC_IMPLEMENTATIONS = YES;
				CLANG_WARN_DIRECT_OBJC_ISA_USAGE = YES_ERROR;
				CLANG_WARN_DOCUMENTATION_COMMENTS = YES;
				CLANG_WARN_EMPTY_BODY = YES;
				CLANG_WARN_ENUM_CONVERSION = YES;
				CLANG_WARN_INFINITE_RECURSION = YES;
				CLANG_WARN_INT_CONVERSION = YES;
				CLANG_WARN_NON_LITERAL_NULL_CONVERSION = YES;
				CLANG_WARN_OBJC_IMPLICIT_RETAIN_SELF = YES;
				CLANG_WARN_OBJC_LITERAL_CONVERSION = YES;
				CLANG_WARN_OBJC_ROOT_CLASS = YES_ERROR;
				CLANG_WARN_QUOTED_INCLUDE_IN_FRAMEWORK_HEADER = YES;
				CLANG_WARN_RANGE_LOOP_ANALYSIS = YES;
				CLANG_WARN_STRICT_PROTOTYPES = YES;
				CLANG_WARN_SUSPICIOUS_MOVE = YES;
				CLANG_WARN_UNGUARDED_AVAILABILITY = YES_AGGRESSIVE;
				CLANG_WARN_UNREACHABLE_CODE = YES;
				CLANG_WARN__DUPLICATE_METHOD_MATCH = YES;
				COPY_PHASE_STRIP = NO;
				DEBUG_INFORMATION_FORMAT = dwarf;
				DEVELOPMENT_TEAM = M96WTV3CKX;
				ENABLE_STRICT_OBJC_MSGSEND = YES;
				ENABLE_TESTABILITY = YES;
				ENABLE_USER_SCRIPT_SANDBOXING = YES;
				GCC_C_LANGUAGE_STANDARD = gnu17;
				GCC_DYNAMIC_NO_PIC = NO;
				GCC_NO_COMMON_BLOCKS = YES;
				GCC_OPTIMIZATION_LEVEL = 0;
				GCC_PREPROCESSOR_DEFINITIONS = (
					"DEBUG=1",
					"$(inherited)",
				);
				GCC_WARN_64_TO_32_BIT_CONVERSION = YES;
				GCC_WARN_ABOUT_RETURN_TYPE = YES_ERROR;
				GCC_WARN_UNDECLARED_SELECTOR = YES;
				GCC_WARN_UNINITIALIZED_AUTOS = YES_AGGRESSIVE;
				GCC_WARN_UNUSED_FUNCTION = YES;
				GCC_WARN_UNUSED_VARIABLE = YES;
				IPHONEOS_DEPLOYMENT_TARGET = 18.5;
				LOCALIZATION_PREFERS_STRING_CATALOGS = YES;
				MTL_ENABLE_DEBUG_INFO = INCLUDE_SOURCE;
				MTL_FAST_MATH = YES;
				ONLY_ACTIVE_ARCH = YES;
				SDKROOT = iphoneos;
				SWIFT_ACTIVE_COMPILATION_CONDITIONS = "DEBUG $(inherited)";
				SWIFT_OPTIMIZATION_LEVEL = "-Onone";
			};
			name = Debug;
		};
		FB11430E2EB63AB900AD4A1E /* Release */ = {
			isa = XCBuildConfiguration;
			buildSettings = {
				ALWAYS_SEARCH_USER_PATHS = NO;
				ASSETCATALOG_COMPILER_GENERATE_SWIFT_ASSET_SYMBOL_EXTENSIONS = YES;
				CLANG_ANALYZER_NONNULL = YES;
				CLANG_ANALYZER_NUMBER_OBJECT_CONVERSION = YES_AGGRESSIVE;
				CLANG_CXX_LANGUAGE_STANDARD = "gnu++20";
				CLANG_ENABLE_MODULES = YES;
				CLANG_ENABLE_OBJC_ARC = YES;
				CLANG_ENABLE_OBJC_WEAK = YES;
				CLANG_WARN_BLOCK_CAPTURE_AUTORELEASING = YES;
				CLANG_WARN_BOOL_CONVERSION = YES;
				CLANG_WARN_COMMA = YES;
				CLANG_WARN_CONSTANT_CONVERSION = YES;
				CLANG_WARN_DEPRECATED_OBJC_IMPLEMENTATIONS = YES;
				CLANG_WARN_DIRECT_OBJC_ISA_USAGE = YES_ERROR;
				CLANG_WARN_DOCUMENTATION_COMMENTS = YES;
				CLANG_WARN_EMPTY_BODY = YES;
				CLANG_WARN_ENUM_CONVERSION = YES;
				CLANG_WARN_INFINITE_RECURSION = YES;
				CLANG_WARN_INT_CONVERSION = YES;
				CLANG_WARN_NON_LITERAL_NULL_CONVERSION = YES;
				CLANG_WARN_OBJC_IMPLICIT_RETAIN_SELF = YES;
				CLANG_WARN_OBJC_LITERAL_CONVERSION = YES;
				CLANG_WARN_OBJC_ROOT_CLASS = YES_ERROR;
				CLANG_WARN_QUOTED_INCLUDE_IN_FRAMEWORK_HEADER = YES;
				CLANG_WARN_RANGE_LOOP_ANALYSIS = YES;
				CLANG_WARN_STRICT_PROTOTYPES = YES;
				CLANG_WARN_SUSPICIOUS_MOVE = YES;
				CLANG_WARN_UNGUARDED_AVAILABILITY = YES_AGGRESSIVE;
				CLANG_WARN_UNREACHABLE_CODE = YES;
				CLANG_WARN__DUPLICATE_METHOD_MATCH = YES;
				COPY_PHASE_STRIP = NO;
				DEBUG_INFORMATION_FORMAT = "dwarf-with-dsym";
				DEVELOPMENT_TEAM = M96WTV3CKX;
				ENABLE_NS_ASSERTIONS = NO;
				ENABLE_STRICT_OBJC_MSGSEND = YES;
				ENABLE_USER_SCRIPT_SANDBOXING = YES;
				GCC_C_LANGUAGE_STANDARD = gnu17;
				GCC_NO_COMMON_BLOCKS = YES;
				GCC_WARN_64_TO_32_BIT_CONVERSION = YES;
				GCC_WARN_ABOUT_RETURN_TYPE = YES_ERROR;
				GCC_WARN_UNDECLARED_SELECTOR = YES;
				GCC_WARN_UNINITIALIZED_AUTOS = YES_AGGRESSIVE;
				GCC_WARN_UNUSED_FUNCTION = YES;
				GCC_WARN_UNUSED_VARIABLE = YES;
				IPHONEOS_DEPLOYMENT_TARGET = 18.5;
				LOCALIZATION_PREFERS_STRING_CATALOGS = YES;
				MTL_ENABLE_DEBUG_INFO = NO;
				MTL_FAST_MATH = YES;
				ONLY_ACTIVE_ARCH = YES;
				SDKROOT = iphoneos;
				SWIFT_COMPILATION_MODE = wholemodule;
				VALIDATE_PRODUCT = YES;
			};
			name = Release;
		};
		FB1143102EB63AB900AD4A1E /* Debug */ = {
			isa = XCBuildConfiguration;
			buildSettings = {
				ASSETCATALOG_COMPILER_APPICON_NAME = AppIcon;
				ASSETCATALOG_COMPILER_GLOBAL_ACCENT_COLOR_NAME = AccentColor;
				ASSETCATALOG_COMPILER_INCLUDE_ALL_APPICON_ASSETS = YES;
				CODE_SIGN_STYLE = Automatic;
				CURRENT_PROJECT_VERSION = 1;
				DEVELOPMENT_TEAM = M96WTV3CKX;
				ENABLE_PREVIEWS = YES;
				GENERATE_INFOPLIST_FILE = YES;
				INFOPLIST_FILE = PageSpace/Info.plist;
				INFOPLIST_KEY_LSApplicationCategoryType = "";
				INFOPLIST_KEY_UIApplicationSceneManifest_Generation = YES;
				INFOPLIST_KEY_UIApplicationSupportsIndirectInputEvents = YES;
				INFOPLIST_KEY_UILaunchScreen_Generation = YES;
				INFOPLIST_KEY_UISupportedInterfaceOrientations = UIInterfaceOrientationPortrait;
				INFOPLIST_KEY_UISupportedInterfaceOrientations_iPad = "UIInterfaceOrientationLandscapeLeft UIInterfaceOrientationLandscapeRight UIInterfaceOrientationPortrait UIInterfaceOrientationPortraitUpsideDown";
				IPHONEOS_DEPLOYMENT_TARGET = 17.6;
				LD_RUNPATH_SEARCH_PATHS = (
					"$(inherited)",
					"@executable_path/Frameworks",
				);
				MARKETING_VERSION = 1.0;
				ONLY_ACTIVE_ARCH = NO;
				PRODUCT_BUNDLE_IDENTIFIER = com.2wit.PageSpace;
				PRODUCT_NAME = "$(TARGET_NAME)";
				SWIFT_EMIT_LOC_STRINGS = YES;
				SWIFT_VERSION = 5.0;
				TARGETED_DEVICE_FAMILY = "1,2";
			};
			name = Debug;
		};
		FB1143112EB63AB900AD4A1E /* Release */ = {
			isa = XCBuildConfiguration;
			buildSettings = {
				ASSETCATALOG_COMPILER_APPICON_NAME = AppIcon;
				ASSETCATALOG_COMPILER_GLOBAL_ACCENT_COLOR_NAME = AccentColor;
				ASSETCATALOG_COMPILER_INCLUDE_ALL_APPICON_ASSETS = YES;
				CODE_SIGN_STYLE = Automatic;
				CURRENT_PROJECT_VERSION = 1;
				DEVELOPMENT_TEAM = M96WTV3CKX;
				ENABLE_PREVIEWS = YES;
				GENERATE_INFOPLIST_FILE = YES;
				INFOPLIST_FILE = PageSpace/Info.plist;
				INFOPLIST_KEY_LSApplicationCategoryType = "";
				INFOPLIST_KEY_UIApplicationSceneManifest_Generation = YES;
				INFOPLIST_KEY_UIApplicationSupportsIndirectInputEvents = YES;
				INFOPLIST_KEY_UILaunchScreen_Generation = YES;
				INFOPLIST_KEY_UISupportedInterfaceOrientations = UIInterfaceOrientationPortrait;
				INFOPLIST_KEY_UISupportedInterfaceOrientations_iPad = "UIInterfaceOrientationLandscapeLeft UIInterfaceOrientationLandscapeRight UIInterfaceOrientationPortrait UIInterfaceOrientationPortraitUpsideDown";
				IPHONEOS_DEPLOYMENT_TARGET = 17.6;
				LD_RUNPATH_SEARCH_PATHS = (
					"$(inherited)",
					"@executable_path/Frameworks",
				);
				MARKETING_VERSION = 1.0;
				ONLY_ACTIVE_ARCH = YES;
				PRODUCT_BUNDLE_IDENTIFIER = com.2wit.PageSpace;
				PRODUCT_NAME = "$(TARGET_NAME)";
				SWIFT_EMIT_LOC_STRINGS = YES;
				SWIFT_VERSION = 5.0;
				TARGETED_DEVICE_FAMILY = "1,2";
			};
			name = Release;
		};
		FB1143132EB63AB900AD4A1E /* Debug */ = {
			isa = XCBuildConfiguration;
			buildSettings = {
				BUNDLE_LOADER = "$(TEST_HOST)";
				CODE_SIGN_STYLE = Automatic;
				CURRENT_PROJECT_VERSION = 1;
				DEVELOPMENT_TEAM = M96WTV3CKX;
				GENERATE_INFOPLIST_FILE = YES;
				IPHONEOS_DEPLOYMENT_TARGET = 18.5;
				MARKETING_VERSION = 1.0;
				PRODUCT_BUNDLE_IDENTIFIER = "-wit.PageSpaceTests";
				PRODUCT_NAME = "$(TARGET_NAME)";
				SWIFT_EMIT_LOC_STRINGS = NO;
				SWIFT_VERSION = 5.0;
				TARGETED_DEVICE_FAMILY = "1,2";
				TEST_HOST = "$(BUILT_PRODUCTS_DIR)/PageSpace.app/$(BUNDLE_EXECUTABLE_FOLDER_PATH)/PageSpace";
			};
			name = Debug;
		};
		FB1143142EB63AB900AD4A1E /* Release */ = {
			isa = XCBuildConfiguration;
			buildSettings = {
				BUNDLE_LOADER = "$(TEST_HOST)";
				CODE_SIGN_STYLE = Automatic;
				CURRENT_PROJECT_VERSION = 1;
				DEVELOPMENT_TEAM = M96WTV3CKX;
				GENERATE_INFOPLIST_FILE = YES;
				IPHONEOS_DEPLOYMENT_TARGET = 18.5;
				MARKETING_VERSION = 1.0;
				PRODUCT_BUNDLE_IDENTIFIER = "-wit.PageSpaceTests";
				PRODUCT_NAME = "$(TARGET_NAME)";
				SWIFT_EMIT_LOC_STRINGS = NO;
				SWIFT_VERSION = 5.0;
				TARGETED_DEVICE_FAMILY = "1,2";
				TEST_HOST = "$(BUILT_PRODUCTS_DIR)/PageSpace.app/$(BUNDLE_EXECUTABLE_FOLDER_PATH)/PageSpace";
			};
			name = Release;
		};
		FB1143162EB63AB900AD4A1E /* Debug */ = {
			isa = XCBuildConfiguration;
			buildSettings = {
				CODE_SIGN_STYLE = Automatic;
				CURRENT_PROJECT_VERSION = 1;
				DEVELOPMENT_TEAM = M96WTV3CKX;
				GENERATE_INFOPLIST_FILE = YES;
				MARKETING_VERSION = 1.0;
				PRODUCT_BUNDLE_IDENTIFIER = "-wit.PageSpaceUITests";
				PRODUCT_NAME = "$(TARGET_NAME)";
				SWIFT_EMIT_LOC_STRINGS = NO;
				SWIFT_VERSION = 5.0;
				TARGETED_DEVICE_FAMILY = "1,2";
				TEST_TARGET_NAME = PageSpace;
			};
			name = Debug;
		};
		FB1143172EB63AB900AD4A1E /* Release */ = {
			isa = XCBuildConfiguration;
			buildSettings = {
				CODE_SIGN_STYLE = Automatic;
				CURRENT_PROJECT_VERSION = 1;
				DEVELOPMENT_TEAM = M96WTV3CKX;
				GENERATE_INFOPLIST_FILE = YES;
				MARKETING_VERSION = 1.0;
				PRODUCT_BUNDLE_IDENTIFIER = "-wit.PageSpaceUITests";
				PRODUCT_NAME = "$(TARGET_NAME)";
				SWIFT_EMIT_LOC_STRINGS = NO;
				SWIFT_VERSION = 5.0;
				TARGETED_DEVICE_FAMILY = "1,2";
				TEST_TARGET_NAME = PageSpace;
			};
			name = Release;
		};
/* End XCBuildConfiguration section */

/* Begin XCConfigurationList section */
		FB1142E92EB63AB600AD4A1E /* Build configuration list for PBXProject "PageSpace" */ = {
			isa = XCConfigurationList;
			buildConfigurations = (
				FB11430D2EB63AB900AD4A1E /* Debug */,
				FB11430E2EB63AB900AD4A1E /* Release */,
			);
			defaultConfigurationIsVisible = 0;
			defaultConfigurationName = Release;
		};
		FB11430F2EB63AB900AD4A1E /* Build configuration list for PBXNativeTarget "PageSpace" */ = {
			isa = XCConfigurationList;
			buildConfigurations = (
				FB1143102EB63AB900AD4A1E /* Debug */,
				FB1143112EB63AB900AD4A1E /* Release */,
			);
			defaultConfigurationIsVisible = 0;
			defaultConfigurationName = Release;
		};
		FB1143122EB63AB900AD4A1E /* Build configuration list for PBXNativeTarget "PageSpaceTests" */ = {
			isa = XCConfigurationList;
			buildConfigurations = (
				FB1143132EB63AB900AD4A1E /* Debug */,
				FB1143142EB63AB900AD4A1E /* Release */,
			);
			defaultConfigurationIsVisible = 0;
			defaultConfigurationName = Release;
		};
		FB1143152EB63AB900AD4A1E /* Build configuration list for PBXNativeTarget "PageSpaceUITests" */ = {
			isa = XCConfigurationList;
			buildConfigurations = (
				FB1143162EB63AB900AD4A1E /* Debug */,
				FB1143172EB63AB900AD4A1E /* Release */,
			);
			defaultConfigurationIsVisible = 0;
			defaultConfigurationName = Release;
		};
/* End XCConfigurationList section */

/* Begin XCRemoteSwiftPackageReference section */
		FB1468202EB640F300458088 /* XCRemoteSwiftPackageReference "socket" */ = {
			isa = XCRemoteSwiftPackageReference;
			repositoryURL = "https://github.com/socketio/socket.io-client-swift";
			requirement = {
				branch = master;
				kind = branch;
			};
		};
		FB1468212EB6410A00458088 /* XCRemoteSwiftPackageReference "swift-markdown-ui" */ = {
			isa = XCRemoteSwiftPackageReference;
			repositoryURL = "https://github.com/gonzalezreal/swift-markdown-ui";
			requirement = {
				kind = upToNextMajorVersion;
				minimumVersion = 2.4.1;
			};
		};
		FB1468222EB6413D00458088 /* XCRemoteSwiftPackageReference "swift-async-algorithms" */ = {
			isa = XCRemoteSwiftPackageReference;
			repositoryURL = "https://github.com/apple/swift-async-algorithms.git";
			requirement = {
				kind = upToNextMajorVersion;
				minimumVersion = 1.0.4;
			};
		};
		FB1468232EB7A00000458088 /* XCRemoteSwiftPackageReference "GoogleSignIn-iOS" */ = {
			isa = XCRemoteSwiftPackageReference;
			repositoryURL = "https://github.com/google/GoogleSignIn-iOS.git";
			requirement = {
				kind = upToNextMajorVersion;
				minimumVersion = 8.0.0;
			};
		};
/* End XCRemoteSwiftPackageReference section */

/* Begin XCSwiftPackageProductDependency section */
		FB1468852EB7968B00458088 /* MarkdownUI */ = {
			isa = XCSwiftPackageProductDependency;
			package = FB1468212EB6410A00458088 /* XCRemoteSwiftPackageReference "swift-markdown-ui" */;
			productName = MarkdownUI;
		};
		FB1468872EB7968E00458088 /* AsyncAlgorithms */ = {
			isa = XCSwiftPackageProductDependency;
			package = FB1468222EB6413D00458088 /* XCRemoteSwiftPackageReference "swift-async-algorithms" */;
			productName = AsyncAlgorithms;
		};
		FB1468892EB7969100458088 /* SocketIO */ = {
			isa = XCSwiftPackageProductDependency;
			package = FB1468202EB640F300458088 /* XCRemoteSwiftPackageReference "socket" */;
			productName = SocketIO;
		};
		FB14688B2EB7A00000458088 /* GoogleSignIn */ = {
			isa = XCSwiftPackageProductDependency;
			package = FB1468232EB7A00000458088 /* XCRemoteSwiftPackageReference "GoogleSignIn-iOS" */;
			productName = GoogleSignIn;
		};
		FB14688D2EB7A00000458088 /* GoogleSignInSwift */ = {
			isa = XCSwiftPackageProductDependency;
			package = FB1468232EB7A00000458088 /* XCRemoteSwiftPackageReference "GoogleSignIn-iOS" */;
			productName = GoogleSignInSwift;
		};
/* End XCSwiftPackageProductDependency section */
	};
	rootObject = FB1142E62EB63AB600AD4A1E /* Project object */;
}
